
Microsoft Visual Studio Solution File, Format Version 12.00
# Visual Studio Version 16
VisualStudioVersion = 16.0.29911.84
MinimumVisualStudioVersion = 10.0.40219.1
Project("{FAE04EC0-301F-11D3-BF4B-00C04F79EFBC}") = "FizzBuzzTask", "FizzBuzzTask.csproj", "{0D582388-45BE-4BDC-9DA8-1B26D8AB4EA6}"
EndProject
Global
	GlobalSection(SolutionConfigurationPlatforms) = preSolution
		Debug|Any CPU = Debug|Any CPU
		Release|Any CPU = Release|Any CPU
	EndGlobalSection
	GlobalSection(ProjectConfigurationPlatforms) = postSolution
		{0D582388-45BE-4BDC-9DA8-1B26D8AB4EA6}.Debug|Any CPU.ActiveCfg = Debug|Any CPU
		{0D582388-45BE-4BDC-9DA8-1B26D8AB4EA6}.Debug|Any CPU.Build.0 = Debug|Any CPU
		{0D582388-45BE-4BDC-9DA8-1B26D8AB4EA6}.Release|Any CPU.ActiveCfg = Release|Any CPU
		{0D582388-45BE-4BDC-9DA8-1B26D8AB4EA6}.Release|Any CPU.Build.0 = Release|Any CPU
	EndGlobalSection
	GlobalSection(SolutionProperties) = preSolution
		HideSolutionNode = FALSE
	EndGlobalSection
	GlobalSection(ExtensibilityGlobals) = postSolution
		SolutionGuid = {025EB233-0D3C-4190-84E5-03C6430B0611}
	EndGlobalSection
EndGlobal
